
Microsoft Visual Studio Solution File, Format Version 12.00
# Visual Studio Version 17
VisualStudioVersion = 17.5.002.0
MinimumVisualStudioVersion = 10.0.40219.1
Project("{9A19103F-16F7-4668-BE54-9A1E7A4F7556}") = "AppBusinessGeneric", "AppBusinessGeneric\AppBusinessGeneric.csproj", "{1A0669A9-25E6-4FB0-9DA6-E38F6F1A393A}"
EndProject
Project("{9A19103F-16F7-4668-BE54-9A1E7A4F7556}") = "AppBusinessGeneric.Tests", "AppBusinessGeneric.Tests\AppBusinessGeneric.Tests.csproj", "{11CF19DA-9EC8-4A90-867F-A80BE97804C5}"
EndProject
Project("{9A19103F-16F7-4668-BE54-9A1E7A4F7556}") = "AppBusinessGeneric.RestClient", "AppBusinessGeneric.RestClient\AppBusinessGeneric.RestClient.csproj", "{3A47C1C7-B88A-49EB-990B-55CCB44FF639}"
EndProject
Project("{9A19103F-16F7-4668-BE54-9A1E7A4F7556}") = "AppBusinessGeneric.Application", "AppBusinessGeneric.Application\AppBusinessGeneric.Application.csproj", "{7F809566-13A6-4C9E-A686-E5B107233D05}"
EndProject
Project("{9A19103F-16F7-4668-BE54-9A1E7A4F7556}") = "ConverterTestApi", "ConverterTestApi\ConverterTestApi.csproj", "{F546EFBC-7D75-4F04-BE6D-966A33313061}"
EndProject
Global
	GlobalSection(SolutionConfigurationPlatforms) = preSolution
		Debug|Any CPU = Debug|Any CPU
		Release|Any CPU = Release|Any CPU
	EndGlobalSection
	GlobalSection(ProjectConfigurationPlatforms) = postSolution
		{1A0669A9-25E6-4FB0-9DA6-E38F6F1A393A}.Debug|Any CPU.ActiveCfg = Debug|Any CPU
		{1A0669A9-25E6-4FB0-9DA6-E38F6F1A393A}.Debug|Any CPU.Build.0 = Debug|Any CPU
		{1A0669A9-25E6-4FB0-9DA6-E38F6F1A393A}.Release|Any CPU.ActiveCfg = Release|Any CPU
		{1A0669A9-25E6-4FB0-9DA6-E38F6F1A393A}.Release|Any CPU.Build.0 = Release|Any CPU
		{11CF19DA-9EC8-4A90-867F-A80BE97804C5}.Debug|Any CPU.ActiveCfg = Debug|Any CPU
		{11CF19DA-9EC8-4A90-867F-A80BE97804C5}.Debug|Any CPU.Build.0 = Debug|Any CPU
		{11CF19DA-9EC8-4A90-867F-A80BE97804C5}.Release|Any CPU.ActiveCfg = Release|Any CPU
		{11CF19DA-9EC8-4A90-867F-A80BE97804C5}.Release|Any CPU.Build.0 = Release|Any CPU
		{3A47C1C7-B88A-49EB-990B-55CCB44FF639}.Debug|Any CPU.ActiveCfg = Debug|Any CPU
		{3A47C1C7-B88A-49EB-990B-55CCB44FF639}.Debug|Any CPU.Build.0 = Debug|Any CPU
		{3A47C1C7-B88A-49EB-990B-55CCB44FF639}.Release|Any CPU.ActiveCfg = Release|Any CPU
		{3A47C1C7-B88A-49EB-990B-55CCB44FF639}.Release|Any CPU.Build.0 = Release|Any CPU
		{7F809566-13A6-4C9E-A686-E5B107233D05}.Debug|Any CPU.ActiveCfg = Debug|Any CPU
		{7F809566-13A6-4C9E-A686-E5B107233D05}.Debug|Any CPU.Build.0 = Debug|Any CPU
		{7F809566-13A6-4C9E-A686-E5B107233D05}.Release|Any CPU.ActiveCfg = Release|Any CPU
		{7F809566-13A6-4C9E-A686-E5B107233D05}.Release|Any CPU.Build.0 = Release|Any CPU
		{F546EFBC-7D75-4F04-BE6D-966A33313061}.Debug|Any CPU.ActiveCfg = Debug|Any CPU
		{F546EFBC-7D75-4F04-BE6D-966A33313061}.Debug|Any CPU.Build.0 = Debug|Any CPU
		{F546EFBC-7D75-4F04-BE6D-966A33313061}.Release|Any CPU.ActiveCfg = Release|Any CPU
		{F546EFBC-7D75-4F04-BE6D-966A33313061}.Release|Any CPU.Build.0 = Release|Any CPU
	EndGlobalSection
	GlobalSection(SolutionProperties) = preSolution
		HideSolutionNode = FALSE
	EndGlobalSection
	GlobalSection(ExtensibilityGlobals) = postSolution
		SolutionGuid = {14A3DEDB-410E-4883-BB45-1113D80DAD73}
	EndGlobalSection
EndGlobal
